
Microsoft Visual Studio Solution File, Format Version 12.00
# Visual Studio Version 17
VisualStudioVersion = 17.7.34202.233
MinimumVisualStudioVersion = 10.0.40219.1
Project("{FAE04EC0-301F-11D3-BF4B-00C04F79EFBC}") = "RazorPageMovie", "RazorPageMovie\RazorPageMovie.csproj", "{4EF1F54B-17AD-4301-8B49-1A68301F9EE2}"
EndProject
Global
	GlobalSection(SolutionConfigurationPlatforms) = preSolution
		Debug|Any CPU = Debug|Any CPU
		Release|Any CPU = Release|Any CPU
	EndGlobalSection
	GlobalSection(ProjectConfigurationPlatforms) = postSolution
		{4EF1F54B-17AD-4301-8B49-1A68301F9EE2}.Debug|Any CPU.ActiveCfg = Debug|Any CPU
		{4EF1F54B-17AD-4301-8B49-1A68301F9EE2}.Debug|Any CPU.Build.0 = Debug|Any CPU
		{4EF1F54B-17AD-4301-8B49-1A68301F9EE2}.Release|Any CPU.ActiveCfg = Release|Any CPU
		{4EF1F54B-17AD-4301-8B49-1A68301F9EE2}.Release|Any CPU.Build.0 = Release|Any CPU
	EndGlobalSection
	GlobalSection(SolutionProperties) = preSolution
		HideSolutionNode = FALSE
	EndGlobalSection
	GlobalSection(ExtensibilityGlobals) = postSolution
		SolutionGuid = {64D98AC0-5044-4442-A6AE-573FA571951D}
	EndGlobalSection
EndGlobal
